
Microsoft Visual Studio Solution File, Format Version 12.00
# Visual Studio Version 17
VisualStudioVersion = 17.7.34221.43
MinimumVisualStudioVersion = 10.0.40219.1
Project("{FAE04EC0-301F-11D3-BF4B-00C04F79EFBC}") = "OpeniddictSample.IdentityProviderApi", "src\OpeniddictSample.IdentityProviderApi\OpeniddictSample.IdentityProviderApi.csproj", "{843D3BFA-9EB2-4339-9EEC-FE5312F3AC49}"
EndProject
Project("{FAE04EC0-301F-11D3-BF4B-00C04F79EFBC}") = "OpeniddictSample.IdentityProviderApi.Test", "test\OpeniddictSample.IdentityProviderApi.Test\OpeniddictSample.IdentityProviderApi.Test.csproj", "{411CC96B-A773-4647-8909-74A231683913}"
EndProject
Global
	GlobalSection(SolutionConfigurationPlatforms) = preSolution
		Debug|Any CPU = Debug|Any CPU
		Release|Any CPU = Release|Any CPU
	EndGlobalSection
	GlobalSection(ProjectConfigurationPlatforms) = postSolution
		{843D3BFA-9EB2-4339-9EEC-FE5312F3AC49}.Debug|Any CPU.ActiveCfg = Debug|Any CPU
		{843D3BFA-9EB2-4339-9EEC-FE5312F3AC49}.Debug|Any CPU.Build.0 = Debug|Any CPU
		{843D3BFA-9EB2-4339-9EEC-FE5312F3AC49}.Release|Any CPU.ActiveCfg = Release|Any CPU
		{843D3BFA-9EB2-4339-9EEC-FE5312F3AC49}.Release|Any CPU.Build.0 = Release|Any CPU
		{411CC96B-A773-4647-8909-74A231683913}.Debug|Any CPU.ActiveCfg = Debug|Any CPU
		{411CC96B-A773-4647-8909-74A231683913}.Debug|Any CPU.Build.0 = Debug|Any CPU
		{411CC96B-A773-4647-8909-74A231683913}.Release|Any CPU.ActiveCfg = Release|Any CPU
		{411CC96B-A773-4647-8909-74A231683913}.Release|Any CPU.Build.0 = Release|Any CPU
	EndGlobalSection
	GlobalSection(SolutionProperties) = preSolution
		HideSolutionNode = FALSE
	EndGlobalSection
	GlobalSection(ExtensibilityGlobals) = postSolution
		SolutionGuid = {6C0FE81F-C6E4-409B-8E71-1622D5AF08CE}
	EndGlobalSection
EndGlobal
