
Microsoft Visual Studio Solution File, Format Version 12.00
# Visual Studio Version 17
VisualStudioVersion = 17.7.34221.43
MinimumVisualStudioVersion = 10.0.40219.1
Project("{9A19103F-16F7-4668-BE54-9A1E7A4F7556}") = "OpeniddictSample.OpeniddictServer", "src\OpeniddictSample.OpeniddictServer\OpeniddictSample.OpeniddictServer.csproj", "{843D3BFA-9EB2-4339-9EEC-FE5312F3AC49}"
EndProject
Project("{9A19103F-16F7-4668-BE54-9A1E7A4F7556}") = "OpeniddictSample.OpeniddictServer.Test", "test\OpeniddictSample.OpeniddictServer.Test\OpeniddictSample.OpeniddictServer.Test.csproj", "{411CC96B-A773-4647-8909-74A231683913}"
EndProject
Project("{E53339B2-1760-4266-BCC7-CA923CBCF16C}") = "docker-compose", "docker-compose.dcproj", "{9991DE28-73A0-4558-BF8A-9B4CDCD483AA}"
EndProject
Project("{9A19103F-16F7-4668-BE54-9A1E7A4F7556}") = "OpeniddictSample.ApiServer", "src\OpeniddictSample.ApiServer\OpeniddictSample.ApiServer.csproj", "{107269C1-B0EA-4176-8F8D-DB7F268B32ED}"
EndProject
Project("{9A19103F-16F7-4668-BE54-9A1E7A4F7556}") = "OpeniddictSample.ApiServer.Test", "test\OpeniddictSample.ApiServer.Test\OpeniddictSample.ApiServer.Test.csproj", "{7965A019-C025-4D57-A540-3C9CAF634711}"
EndProject
Global
	GlobalSection(SolutionConfigurationPlatforms) = preSolution
		Debug|Any CPU = Debug|Any CPU
		Release|Any CPU = Release|Any CPU
	EndGlobalSection
	GlobalSection(ProjectConfigurationPlatforms) = postSolution
		{843D3BFA-9EB2-4339-9EEC-FE5312F3AC49}.Debug|Any CPU.ActiveCfg = Debug|Any CPU
		{843D3BFA-9EB2-4339-9EEC-FE5312F3AC49}.Debug|Any CPU.Build.0 = Debug|Any CPU
		{843D3BFA-9EB2-4339-9EEC-FE5312F3AC49}.Release|Any CPU.ActiveCfg = Release|Any CPU
		{843D3BFA-9EB2-4339-9EEC-FE5312F3AC49}.Release|Any CPU.Build.0 = Release|Any CPU
		{411CC96B-A773-4647-8909-74A231683913}.Debug|Any CPU.ActiveCfg = Debug|Any CPU
		{411CC96B-A773-4647-8909-74A231683913}.Debug|Any CPU.Build.0 = Debug|Any CPU
		{411CC96B-A773-4647-8909-74A231683913}.Release|Any CPU.ActiveCfg = Release|Any CPU
		{411CC96B-A773-4647-8909-74A231683913}.Release|Any CPU.Build.0 = Release|Any CPU
		{9991DE28-73A0-4558-BF8A-9B4CDCD483AA}.Debug|Any CPU.ActiveCfg = Debug|Any CPU
		{9991DE28-73A0-4558-BF8A-9B4CDCD483AA}.Debug|Any CPU.Build.0 = Debug|Any CPU
		{9991DE28-73A0-4558-BF8A-9B4CDCD483AA}.Release|Any CPU.ActiveCfg = Release|Any CPU
		{9991DE28-73A0-4558-BF8A-9B4CDCD483AA}.Release|Any CPU.Build.0 = Release|Any CPU
		{107269C1-B0EA-4176-8F8D-DB7F268B32ED}.Debug|Any CPU.ActiveCfg = Debug|Any CPU
		{107269C1-B0EA-4176-8F8D-DB7F268B32ED}.Debug|Any CPU.Build.0 = Debug|Any CPU
		{107269C1-B0EA-4176-8F8D-DB7F268B32ED}.Release|Any CPU.ActiveCfg = Release|Any CPU
		{107269C1-B0EA-4176-8F8D-DB7F268B32ED}.Release|Any CPU.Build.0 = Release|Any CPU
		{7965A019-C025-4D57-A540-3C9CAF634711}.Debug|Any CPU.ActiveCfg = Debug|Any CPU
		{7965A019-C025-4D57-A540-3C9CAF634711}.Debug|Any CPU.Build.0 = Debug|Any CPU
		{7965A019-C025-4D57-A540-3C9CAF634711}.Release|Any CPU.ActiveCfg = Release|Any CPU
		{7965A019-C025-4D57-A540-3C9CAF634711}.Release|Any CPU.Build.0 = Release|Any CPU
	EndGlobalSection
	GlobalSection(SolutionProperties) = preSolution
		HideSolutionNode = FALSE
	EndGlobalSection
	GlobalSection(ExtensibilityGlobals) = postSolution
		SolutionGuid = {6C0FE81F-C6E4-409B-8E71-1622D5AF08CE}
	EndGlobalSection
EndGlobal
